
Microsoft Visual Studio Solution File, Format Version 12.00
Project("{FAE04EC0-301F-11D3-BF4B-00C04F79EFBC}") = "UnnamedProducts", "src\UnnamedProducts\UnnamedProducts.csproj", "{C6736AFC-92E1-4054-B0CD-5FEDEF870873}"
EndProject
Global
	GlobalSection(SolutionConfigurationPlatforms) = preSolution
		Debug|Any CPU = Debug|Any CPU
		Release|Any CPU = Release|Any CPU
	EndGlobalSection
	GlobalSection(ProjectConfigurationPlatforms) = postSolution
		{C6736AFC-92E1-4054-B0CD-5FEDEF870873}.Debug|Any CPU.ActiveCfg = Debug|Any CPU
		{C6736AFC-92E1-4054-B0CD-5FEDEF870873}.Debug|Any CPU.Build.0 = Debug|Any CPU
		{C6736AFC-92E1-4054-B0CD-5FEDEF870873}.Release|Any CPU.ActiveCfg = Release|Any CPU
		{C6736AFC-92E1-4054-B0CD-5FEDEF870873}.Release|Any CPU.Build.0 = Release|Any CPU
	EndGlobalSection
EndGlobal
